
Microsoft Visual Studio Solution File, Format Version 12.00
# Visual Studio Version 16
VisualStudioVersion = 16.0.29020.237
MinimumVisualStudioVersion = 10.0.40219.1
Project("{FAE04EC0-301F-11D3-BF4B-00C04F79EFBC}") = "ListaDeTarefas", "ListaDeTarefas.csproj", "{3DFF2D28-4725-4285-A134-EE2C323A883E}"
EndProject
Global
	GlobalSection(SolutionConfigurationPlatforms) = preSolution
		Debug|Any CPU = Debug|Any CPU
		Release|Any CPU = Release|Any CPU
	EndGlobalSection
	GlobalSection(ProjectConfigurationPlatforms) = postSolution
		{3DFF2D28-4725-4285-A134-EE2C323A883E}.Debug|Any CPU.ActiveCfg = Debug|Any CPU
		{3DFF2D28-4725-4285-A134-EE2C323A883E}.Debug|Any CPU.Build.0 = Debug|Any CPU
		{3DFF2D28-4725-4285-A134-EE2C323A883E}.Release|Any CPU.ActiveCfg = Release|Any CPU
		{3DFF2D28-4725-4285-A134-EE2C323A883E}.Release|Any CPU.Build.0 = Release|Any CPU
	EndGlobalSection
	GlobalSection(SolutionProperties) = preSolution
		HideSolutionNode = FALSE
	EndGlobalSection
	GlobalSection(ExtensibilityGlobals) = postSolution
		SolutionGuid = {F0E6FE95-FBC6-46F5-BDEA-D76C6B2EC26B}
	EndGlobalSection
EndGlobal
